<?xml version="1.0" encoding="utf-8"?>
<Project ToolsVersion="4.0" xmlns="http://schemas.microsoft.com/developer/msbuild/2003">
  <ItemGroup>
    <Filter Include="Sound">
      <UniqueIdentifier>{604cc4f6-45e3-44da-9c8b-b19cc48c6180}</UniqueIdentifier>
    </Filter>
    <Filter Include="Util">
      <UniqueIdentifier>{b6ec05c4-b1df-442d-ae54-fdf622881649}</UniqueIdentifier>
    </Filter>
    <Filter Include="Tool">
      <UniqueIdentifier>{1bfe99d0-8049-4be1-8359-e0b9c209f7e7}</UniqueIdentifier>
    </Filter>
    <Filter Include="SDK">
      <UniqueIdentifier>{46eec7a7-e521-4b76-b0f6-b1cf5fb86220}</UniqueIdentifier>
    </Filter>
    <Filter Include="SDK\rapid">
      <UniqueIdentifier>{84727fb5-9da7-46fb-a191-6a569b78cd52}</UniqueIdentifier>
    </Filter>
    <Filter Include="Math">
      <UniqueIdentifier>{6d16aae2-43d4-431b-88f0-4bc051364ab8}</UniqueIdentifier>
    </Filter>
    <Filter Include="SDK\stc">
      <UniqueIdentifier>{28cadd0b-71d5-4d29-8e9a-91abdc0ae306}</UniqueIdentifier>
    </Filter>
    <Filter Include="SDK\png">
      <UniqueIdentifier>{5c638b1b-c340-4139-9b17-e24129c544c7}</UniqueIdentifier>
    </Filter>
    <Filter Include="SDK\png\include">
      <UniqueIdentifier>{a75e7a79-4c25-4127-886f-cd639655ceb2}</UniqueIdentifier>
    </Filter>
    <Filter Include="SDK\png\include\win32">
      <UniqueIdentifier>{89f72f6a-1531-46b2-9263-559cfdbc19f3}</UniqueIdentifier>
    </Filter>
    <Filter Include="SDK\zlib">
      <UniqueIdentifier>{9a8a4a1e-fb76-4054-a8bd-ee9f4bd2ad14}</UniqueIdentifier>
    </Filter>
    <Filter Include="SDK\zlib\include">
      <UniqueIdentifier>{1298ef39-f6c9-4e42-a90d-76db93fdeb01}</UniqueIdentifier>
    </Filter>
    <Filter Include="Platform">
      <UniqueIdentifier>{30b714e8-3868-4ef0-bcaf-e5f8c871e372}</UniqueIdentifier>
    </Filter>
    <Filter Include="System">
      <UniqueIdentifier>{efe991ac-3082-49ad-896a-b941f0fe18e2}</UniqueIdentifier>
    </Filter>
    <Filter Include="Render">
      <UniqueIdentifier>{30ccc136-b157-48de-9d86-4262a0ada446}</UniqueIdentifier>
    </Filter>
    <Filter Include="Container">
      <UniqueIdentifier>{07a24866-a754-4b7b-8bd9-d9ca208934ba}</UniqueIdentifier>
    </Filter>
    <Filter Include="Container\C++17">
      <UniqueIdentifier>{41eeb02a-edc1-4ca3-bfbe-4de5ad6eb136}</UniqueIdentifier>
    </Filter>
    <Filter Include="Render\Action">
      <UniqueIdentifier>{2cd9ce3d-addc-40d4-9f8e-08da50c95084}</UniqueIdentifier>
    </Filter>
    <Filter Include="Core">
      <UniqueIdentifier>{93886fa4-255c-4f2d-9f80-4f0b394c8a6b}</UniqueIdentifier>
    </Filter>
    <Filter Include="Core\Compenent">
      <UniqueIdentifier>{24de3fd0-bec0-4be2-a799-29f0932cd90d}</UniqueIdentifier>
    </Filter>
    <Filter Include="Core\Entity">
      <UniqueIdentifier>{ad21acc6-9a6d-4f93-a6bb-1ca6807dd6ac}</UniqueIdentifier>
    </Filter>
    <Filter Include="SDK\tinyobj">
      <UniqueIdentifier>{48cdb47a-5a3e-47f7-a762-a02cadb2b910}</UniqueIdentifier>
    </Filter>
    <Filter Include="SDK\LZMA">
      <UniqueIdentifier>{bf472941-55cd-4550-aef7-384df85426f8}</UniqueIdentifier>
    </Filter>
  </ItemGroup>
  <ItemGroup>
    <ClCompile Include="main.cpp" />
    <ClCompile Include="Math\Matrix.cpp">
      <Filter>Math</Filter>
    </ClCompile>
    <ClCompile Include="Math\Math.cpp">
      <Filter>Math</Filter>
    </ClCompile>
    <ClCompile Include="SDK\stc\s3tc.cpp">
      <Filter>SDK\stc</Filter>
    </ClCompile>
    <ClCompile Include="Util\UtilTool.cpp">
      <Filter>Util</Filter>
    </ClCompile>
    <ClCompile Include="Tool\XMLDocument.cpp">
      <Filter>Tool</Filter>
    </ClCompile>
    <ClCompile Include="Tool\UtilString.cpp">
      <Filter>Tool</Filter>
    </ClCompile>
    <ClCompile Include="Math\Color.cpp">
      <Filter>Math</Filter>
    </ClCompile>
    <ClCompile Include="Math\Quaternion.cpp">
      <Filter>Math</Filter>
    </ClCompile>
    <ClCompile Include="Tool\ImageSource.cpp">
      <Filter>Tool</Filter>
    </ClCompile>
    <ClCompile Include="System\Log.cpp">
      <Filter>System</Filter>
    </ClCompile>
    <ClCompile Include="System\Package.cpp">
      <Filter>System</Filter>
    </ClCompile>
    <ClCompile Include="System\ResLoader.cpp">
      <Filter>System</Filter>
    </ClCompile>
    <ClCompile Include="Platform\DxGraphDevice.cpp">
      <Filter>Platform</Filter>
    </ClCompile>
    <ClCompile Include="Platform\DxIntPut.cpp">
      <Filter>Platform</Filter>
    </ClCompile>
    <ClCompile Include="Platform\DxTextPrintWindows.cpp">
      <Filter>Platform</Filter>
    </ClCompile>
    <ClCompile Include="Platform\net_work.cpp">
      <Filter>Platform</Filter>
    </ClCompile>
    <ClCompile Include="Render\ICamera.cpp">
      <Filter>Render</Filter>
    </ClCompile>
    <ClCompile Include="Render\IGameObject.cpp">
      <Filter>Render</Filter>
    </ClCompile>
    <ClCompile Include="Render\ILight.cpp">
      <Filter>Render</Filter>
    </ClCompile>
    <ClCompile Include="Render\ITexture.cpp">
      <Filter>Render</Filter>
    </ClCompile>
    <ClCompile Include="Render\Material.cpp">
      <Filter>Render</Filter>
    </ClCompile>
    <ClCompile Include="Render\Mesh.cpp">
      <Filter>Render</Filter>
    </ClCompile>
    <ClCompile Include="Render\SceneObject.cpp">
      <Filter>Render</Filter>
    </ClCompile>
    <ClCompile Include="Container\cvar_list.cpp">
      <Filter>Container</Filter>
    </ClCompile>
    <ClCompile Include="Container\DataBuffer.cpp">
      <Filter>Container</Filter>
    </ClCompile>
    <ClCompile Include="Container\RenderVariable.cpp">
      <Filter>Container</Filter>
    </ClCompile>
    <ClCompile Include="Container\Thread.cpp">
      <Filter>Container</Filter>
    </ClCompile>
    <ClCompile Include="System\Timer.cpp">
      <Filter>System</Filter>
    </ClCompile>
    <ClCompile Include="Container\String.cpp">
      <Filter>Container</Filter>
    </ClCompile>
    <ClCompile Include="Render\SceneManager.cpp">
      <Filter>Render</Filter>
    </ClCompile>
    <ClCompile Include="Platform\Renderer.cpp">
      <Filter>Platform</Filter>
    </ClCompile>
    <ClCompile Include="Render\RenderLayout.cpp">
      <Filter>Render</Filter>
    </ClCompile>
    <ClCompile Include="Render\Action\IActor.cpp">
      <Filter>Render\Action</Filter>
    </ClCompile>
    <ClCompile Include="Render\Renderable.cpp">
      <Filter>Render</Filter>
    </ClCompile>
    <ClCompile Include="Core\Entity\Entity.cpp">
      <Filter>Core\Entity</Filter>
    </ClCompile>
    <ClCompile Include="Core\CHelper.cpp">
      <Filter>Core</Filter>
    </ClCompile>
    <ClCompile Include="Core\Context.cpp">
      <Filter>Core</Filter>
    </ClCompile>
    <ClCompile Include="Core\ContextRegister.cpp">
      <Filter>Core</Filter>
    </ClCompile>
    <ClCompile Include="Core\game_lib.cpp">
      <Filter>Core</Filter>
    </ClCompile>
    <ClCompile Include="SDK\LZMA\Alloc.c">
      <Filter>SDK\LZMA</Filter>
    </ClCompile>
    <ClCompile Include="SDK\LZMA\LzFind.c">
      <Filter>SDK\LZMA</Filter>
    </ClCompile>
    <ClCompile Include="SDK\LZMA\LzFindMt.c">
      <Filter>SDK\LZMA</Filter>
    </ClCompile>
    <ClCompile Include="SDK\LZMA\LzmaDec.c">
      <Filter>SDK\LZMA</Filter>
    </ClCompile>
    <ClCompile Include="SDK\LZMA\LzmaEnc.c">
      <Filter>SDK\LZMA</Filter>
    </ClCompile>
    <ClCompile Include="SDK\LZMA\LzmaLib.c">
      <Filter>SDK\LZMA</Filter>
    </ClCompile>
    <ClCompile Include="SDK\LZMA\Threads.c">
      <Filter>SDK\LZMA</Filter>
    </ClCompile>
    <ClCompile Include="Tool\LZMACodec.cpp">
      <Filter>Tool</Filter>
    </ClCompile>
    <ClCompile Include="Util\ErrorHandle.cpp">
      <Filter>Util</Filter>
    </ClCompile>
    <ClCompile Include="Tool\DllLoader.cpp">
      <Filter>Tool</Filter>
    </ClCompile>
  </ItemGroup>
  <ItemGroup>
    <ClInclude Include="SDK\rapid\rapidxml.hpp">
      <Filter>SDK\rapid</Filter>
    </ClInclude>
    <ClInclude Include="SDK\rapid\rapidxml_iterators.hpp">
      <Filter>SDK\rapid</Filter>
    </ClInclude>
    <ClInclude Include="SDK\rapid\rapidxml_print.hpp">
      <Filter>SDK\rapid</Filter>
    </ClInclude>
    <ClInclude Include="SDK\rapid\rapidxml_utils.hpp">
      <Filter>SDK\rapid</Filter>
    </ClInclude>
    <ClInclude Include="Util\util_string.h">
      <Filter>Util</Filter>
    </ClInclude>
    <ClInclude Include="Math\math_helper.h">
      <Filter>Math</Filter>
    </ClInclude>
    <ClInclude Include="Math\MathDefine.h">
      <Filter>Math</Filter>
    </ClInclude>
    <ClInclude Include="Math\Matrix.h">
      <Filter>Math</Filter>
    </ClInclude>
    <ClInclude Include="Math\Plane.h">
      <Filter>Math</Filter>
    </ClInclude>
    <ClInclude Include="Math\Rect.h">
      <Filter>Math</Filter>
    </ClInclude>
    <ClInclude Include="Math\Sphere.h">
      <Filter>Math</Filter>
    </ClInclude>
    <ClInclude Include="Math\Vector.h">
      <Filter>Math</Filter>
    </ClInclude>
    <ClInclude Include="Math\Math.h">
      <Filter>Math</Filter>
    </ClInclude>
    <ClInclude Include="Math\AABBox.h">
      <Filter>Math</Filter>
    </ClInclude>
    <ClInclude Include="SDK\stc\s3tc.h">
      <Filter>SDK\stc</Filter>
    </ClInclude>
    <ClInclude Include="SDK\png\include\win32\png.h">
      <Filter>SDK\png\include\win32</Filter>
    </ClInclude>
    <ClInclude Include="SDK\png\include\win32\pngconf.h">
      <Filter>SDK\png\include\win32</Filter>
    </ClInclude>
    <ClInclude Include="SDK\png\include\win32\pnglibconf.h">
      <Filter>SDK\png\include\win32</Filter>
    </ClInclude>
    <ClInclude Include="SDK\zlib\include\zconf.h">
      <Filter>SDK\zlib\include</Filter>
    </ClInclude>
    <ClInclude Include="SDK\zlib\include\zlib.h">
      <Filter>SDK\zlib\include</Filter>
    </ClInclude>
    <ClInclude Include="Math\Color.h">
      <Filter>Math</Filter>
    </ClInclude>
    <ClInclude Include="Util\UtilTool.h">
      <Filter>Util</Filter>
    </ClInclude>
    <ClInclude Include="mathdefine.h">
      <Filter>Math</Filter>
    </ClInclude>
    <ClInclude Include="public\C++17\string_view.h">
      <Filter>Container\C++17</Filter>
    </ClInclude>
    <ClInclude Include="public\C++17\option.h">
      <Filter>Container\C++17</Filter>
    </ClInclude>
    <ClInclude Include="public\C++17\filesystem.h">
      <Filter>Container\C++17</Filter>
    </ClInclude>
    <ClInclude Include="Tool\XMLDocument.h">
      <Filter>Tool</Filter>
    </ClInclude>
    <ClInclude Include="Tool\UtilString.h">
      <Filter>Tool</Filter>
    </ClInclude>
    <ClInclude Include="Math\OBBox.h">
      <Filter>Math</Filter>
    </ClInclude>
    <ClInclude Include="Math\Quaternion.h">
      <Filter>Math</Filter>
    </ClInclude>
    <ClInclude Include="Tool\ImageSource.h">
      <Filter>Tool</Filter>
    </ClInclude>
    <ClInclude Include="System\Log.h">
      <Filter>System</Filter>
    </ClInclude>
    <ClInclude Include="System\Package.h">
      <Filter>System</Filter>
    </ClInclude>
    <ClInclude Include="System\ResLoader.h">
      <Filter>System</Filter>
    </ClInclude>
    <ClInclude Include="Platform\DxGraphDevice.h">
      <Filter>Platform</Filter>
    </ClInclude>
    <ClInclude Include="Platform\DxIntPut.h">
      <Filter>Platform</Filter>
    </ClInclude>
    <ClInclude Include="Platform\DxTextPrintWindows.h">
      <Filter>Platform</Filter>
    </ClInclude>
    <ClInclude Include="Platform\system_table.h">
      <Filter>Platform</Filter>
    </ClInclude>
    <ClInclude Include="Platform\windows_socket.h">
      <Filter>Platform</Filter>
    </ClInclude>
    <ClInclude Include="Platform\PlatformUtil.h">
      <Filter>Platform</Filter>
    </ClInclude>
    <ClInclude Include="Platform\windows_thread.h">
      <Filter>Platform</Filter>
    </ClInclude>
    <ClInclude Include="Render\ICamera.h">
      <Filter>Render</Filter>
    </ClInclude>
    <ClInclude Include="Render\IGameObject.h">
      <Filter>Render</Filter>
    </ClInclude>
    <ClInclude Include="Render\ILight.h">
      <Filter>Render</Filter>
    </ClInclude>
    <ClInclude Include="Render\ITexture.h">
      <Filter>Render</Filter>
    </ClInclude>
    <ClInclude Include="Render\Material.h">
      <Filter>Render</Filter>
    </ClInclude>
    <ClInclude Include="Render\Mesh.h">
      <Filter>Render</Filter>
    </ClInclude>
    <ClInclude Include="Render\SceneObject.h">
      <Filter>Render</Filter>
    </ClInclude>
    <ClInclude Include="Container\array_pod.h">
      <Filter>Container</Filter>
    </ClInclude>
    <ClInclude Include="Container\ArrayRef.hpp">
      <Filter>Container</Filter>
    </ClInclude>
    <ClInclude Include="Container\CBlock.h">
      <Filter>Container</Filter>
    </ClInclude>
    <ClInclude Include="Container\char_traits.h">
      <Filter>Container</Filter>
    </ClInclude>
    <ClInclude Include="Container\cvar_list.h">
      <Filter>Container</Filter>
    </ClInclude>
    <ClInclude Include="Container\data.h">
      <Filter>Container</Filter>
    </ClInclude>
    <ClInclude Include="Container\DataBuffer.h">
      <Filter>Container</Filter>
    </ClInclude>
    <ClInclude Include="Container\Hash.h">
      <Filter>Container</Filter>
    </ClInclude>
    <ClInclude Include="Container\hash_list.h">
      <Filter>Container</Filter>
    </ClInclude>
    <ClInclude Include="Container\i_varlist.h">
      <Filter>Container</Filter>
    </ClInclude>
    <ClInclude Include="Container\inline.h">
      <Filter>Container</Filter>
    </ClInclude>
    <ClInclude Include="Container\list_pod.h">
      <Filter>Container</Filter>
    </ClInclude>
    <ClInclude Include="Container\macro.h">
      <Filter>Container</Filter>
    </ClInclude>
    <ClInclude Include="Container\momery.h">
      <Filter>Container</Filter>
    </ClInclude>
    <ClInclude Include="Container\octree.h">
      <Filter>Container</Filter>
    </ClInclude>
    <ClInclude Include="Container\persistid.h">
      <Filter>Container</Filter>
    </ClInclude>
    <ClInclude Include="Container\RenderVariable.h">
      <Filter>Container</Filter>
    </ClInclude>
    <ClInclude Include="Container\tchar.h">
      <Filter>Container</Filter>
    </ClInclude>
    <ClInclude Include="Container\Thread.h">
      <Filter>Container</Filter>
    </ClInclude>
    <ClInclude Include="Container\var_type.h">
      <Filter>Container</Filter>
    </ClInclude>
    <ClInclude Include="Container\xtree.h">
      <Filter>Container</Filter>
    </ClInclude>
    <ClInclude Include="System\Timer.h">
      <Filter>System</Filter>
    </ClInclude>
    <ClInclude Include="Container\String.h">
      <Filter>Container</Filter>
    </ClInclude>
    <ClInclude Include="Render\SceneManager.h">
      <Filter>Render</Filter>
    </ClInclude>
    <ClInclude Include="Platform\Renderer.h">
      <Filter>Platform</Filter>
    </ClInclude>
    <ClInclude Include="Render\RenderLayout.h">
      <Filter>Render</Filter>
    </ClInclude>
    <ClInclude Include="Render\Action\IActor.h">
      <Filter>Render\Action</Filter>
    </ClInclude>
    <ClInclude Include="Render\Renderable.h">
      <Filter>Render</Filter>
    </ClInclude>
    <ClInclude Include="Core\Compenent\CPropData.h">
      <Filter>Core\Compenent</Filter>
    </ClInclude>
    <ClInclude Include="Core\Entity\Entity.h">
      <Filter>Core\Entity</Filter>
    </ClInclude>
    <ClInclude Include="Core\CHelper.h">
      <Filter>Core</Filter>
    </ClInclude>
    <ClInclude Include="Core\Context.h">
      <Filter>Core</Filter>
    </ClInclude>
    <ClInclude Include="Core\predefine.h">
      <Filter>Core</Filter>
    </ClInclude>
    <ClInclude Include="SDK\LZMA\Alloc.h">
      <Filter>SDK\LZMA</Filter>
    </ClInclude>
    <ClInclude Include="SDK\LZMA\LzFind.h">
      <Filter>SDK\LZMA</Filter>
    </ClInclude>
    <ClInclude Include="SDK\LZMA\LzFindMt.h">
      <Filter>SDK\LZMA</Filter>
    </ClInclude>
    <ClInclude Include="SDK\LZMA\LzmaDec.h">
      <Filter>SDK\LZMA</Filter>
    </ClInclude>
    <ClInclude Include="SDK\LZMA\LzmaEnc.h">
      <Filter>SDK\LZMA</Filter>
    </ClInclude>
    <ClInclude Include="SDK\LZMA\LzmaLib.h">
      <Filter>SDK\LZMA</Filter>
    </ClInclude>
    <ClInclude Include="SDK\LZMA\Threads.h">
      <Filter>SDK\LZMA</Filter>
    </ClInclude>
    <ClInclude Include="Tool\LZMACodec.hpp">
      <Filter>Tool</Filter>
    </ClInclude>
    <ClInclude Include="SDK\LZMA\7zTypes.h">
      <Filter>SDK\LZMA</Filter>
    </ClInclude>
    <ClInclude Include="Tool\DllLoader.hpp">
      <Filter>Tool</Filter>
    </ClInclude>
    <ClInclude Include="Util\ErrorHandle.h">
      <Filter>Util</Filter>
    </ClInclude>
    <ClInclude Include="SDK\tinyobj\tiny_obj_loader.h">
      <Filter>SDK\tinyobj</Filter>
    </ClInclude>
    <ClInclude Include="SDK\LZMA\Compiler.h">
      <Filter>SDK\LZMA</Filter>
    </ClInclude>
    <ClInclude Include="SDK\LZMA\Precomp.h">
      <Filter>SDK\LZMA</Filter>
    </ClInclude>
  </ItemGroup>
  <ItemGroup>
    <Text Include="SDK\rapid\license.txt">
      <Filter>SDK\rapid</Filter>
    </Text>
  </ItemGroup>
  <ItemGroup>
    <None Include="SDK\rapid\manual.html">
      <Filter>SDK\rapid</Filter>
    </None>
  </ItemGroup>
</Project>